
Microsoft Visual Studio Solution File, Format Version 12.00
# Visual Studio Version 17
VisualStudioVersion = 17.6.33815.320
MinimumVisualStudioVersion = 10.0.40219.1
Project("{FAE04EC0-301F-11D3-BF4B-00C04F79EFBC}") = "Jegyek", "Jegyek\Jegyek.csproj", "{0BA0A7C2-3F1A-4477-B216-0D71DF204295}"
EndProject
Global
	GlobalSection(SolutionConfigurationPlatforms) = preSolution
		Debug|Any CPU = Debug|Any CPU
		Release|Any CPU = Release|Any CPU
	EndGlobalSection
	GlobalSection(ProjectConfigurationPlatforms) = postSolution
		{0BA0A7C2-3F1A-4477-B216-0D71DF204295}.Debug|Any CPU.ActiveCfg = Debug|Any CPU
		{0BA0A7C2-3F1A-4477-B216-0D71DF204295}.Debug|Any CPU.Build.0 = Debug|Any CPU
		{0BA0A7C2-3F1A-4477-B216-0D71DF204295}.Release|Any CPU.ActiveCfg = Release|Any CPU
		{0BA0A7C2-3F1A-4477-B216-0D71DF204295}.Release|Any CPU.Build.0 = Release|Any CPU
	EndGlobalSection
	GlobalSection(SolutionProperties) = preSolution
		HideSolutionNode = FALSE
	EndGlobalSection
	GlobalSection(ExtensibilityGlobals) = postSolution
		SolutionGuid = {1A077776-3BEA-4AB0-A2AF-3B8CC73E603A}
	EndGlobalSection
EndGlobal
